// !$*UTF8*$!
{
	archiveVersion = 1;
	classes = {
	};
	objectVersion = 50;
	objects = {

/* Begin PBXBuildFile section */
		03A1E1AE25F55EA400156F72 /* AppDelegate.swift in Sources */ = {isa = PBXBuildFile; fileRef = 03A1E1AD25F55EA400156F72 /* AppDelegate.swift */; };
		03A1E1B025F55EA400156F72 /* SceneDelegate.swift in Sources */ = {isa = PBXBuildFile; fileRef = 03A1E1AF25F55EA400156F72 /* SceneDelegate.swift */; };
		03A1E1B225F55EA400156F72 /* ViewController.swift in Sources */ = {isa = PBXBuildFile; fileRef = 03A1E1B125F55EA400156F72 /* ViewController.swift */; };
		03A1E1B525F55EA400156F72 /* Main.storyboard in Resources */ = {isa = PBXBuildFile; fileRef = 03A1E1B325F55EA400156F72 /* Main.storyboard */; };
		03A1E1B725F55EA600156F72 /* Assets.xcassets in Resources */ = {isa = PBXBuildFile; fileRef = 03A1E1B625F55EA600156F72 /* Assets.xcassets */; };
		03A1E1BA25F55EA600156F72 /* LaunchScreen.storyboard in Resources */ = {isa = PBXBuildFile; fileRef = 03A1E1B825F55EA600156F72 /* LaunchScreen.storyboard */; };
		03A1E1C525F55EA600156F72 /* L3StarterTests.swift in Sources */ = {isa = PBXBuildFile; fileRef = 03A1E1C425F55EA600156F72 /* L3StarterTests.swift */; };
		03A1E1D025F55EA600156F72 /* L3StarterUITests.swift in Sources */ = {isa = PBXBuildFile; fileRef = 03A1E1CF25F55EA600156F72 /* L3StarterUITests.swift */; };
		03A1E1E125F5644A00156F72 /* PushViewController.swift in Sources */ = {isa = PBXBuildFile; fileRef = 03A1E1E025F5644A00156F72 /* PushViewController.swift */; };
		03A1E1E625F5645700156F72 /* PresentViewController.swift in Sources */ = {isa = PBXBuildFile; fileRef = 03A1E1E525F5645700156F72 /* PresentViewController.swift */; };
/* End PBXBuildFile section */

/* Begin PBXContainerItemProxy section */
		03A1E1C125F55EA600156F72 /* PBXContainerItemProxy */ = {
			isa = PBXContainerItemProxy;
			containerPortal = 03A1E1A225F55EA400156F72 /* Project object */;
			proxyType = 1;
			remoteGlobalIDString = 03A1E1A925F55EA400156F72;
			remoteInfo = L3Starter;
		};
		03A1E1CC25F55EA600156F72 /* PBXContainerItemProxy */ = {
			isa = PBXContainerItemProxy;
			containerPortal = 03A1E1A225F55EA400156F72 /* Project object */;
			proxyType = 1;
			remoteGlobalIDString = 03A1E1A925F55EA400156F72;
			remoteInfo = L3Starter;
		};
/* End PBXContainerItemProxy section */

/* Begin PBXFileReference section */
		03A1E1AA25F55EA400156F72 /* L3Starter.app */ = {isa = PBXFileReference; explicitFileType = wrapper.application; includeInIndex = 0; path = L3Starter.app; sourceTree = BUILT_PRODUCTS_DIR; };
		03A1E1AD25F55EA400156F72 /* AppDelegate.swift */ = {isa = PBXFileReference; lastKnownFileType = sourcecode.swift; path = AppDelegate.swift; sourceTree = "<group>"; };
		03A1E1AF25F55EA400156F72 /* SceneDelegate.swift */ = {isa = PBXFileReference; lastKnownFileType = sourcecode.swift; path = SceneDelegate.swift; sourceTree = "<group>"; };
		03A1E1B125F55EA400156F72 /* ViewController.swift */ = {isa = PBXFileReference; lastKnownFileType = sourcecode.swift; path = ViewController.swift; sourceTree = "<group>"; };
		03A1E1B425F55EA400156F72 /* Base */ = {isa = PBXFileReference; lastKnownFileType = file.storyboard; name = Base; path = Base.lproj/Main.storyboard; sourceTree = "<group>"; };
		03A1E1B625F55EA600156F72 /* Assets.xcassets */ = {isa = PBXFileReference; lastKnownFileType = folder.assetcatalog; path = Assets.xcassets; sourceTree = "<group>"; };
		03A1E1B925F55EA600156F72 /* Base */ = {isa = PBXFileReference; lastKnownFileType = file.storyboard; name = Base; path = Base.lproj/LaunchScreen.storyboard; sourceTree = "<group>"; };
		03A1E1BB25F55EA600156F72 /* Info.plist */ = {isa = PBXFileReference; lastKnownFileType = text.plist.xml; path = Info.plist; sourceTree = "<group>"; };
		03A1E1C025F55EA600156F72 /* L3StarterTests.xctest */ = {isa = PBXFileReference; explicitFileType = wrapper.cfbundle; includeInIndex = 0; path = L3StarterTests.xctest; sourceTree = BUILT_PRODUCTS_DIR; };
		03A1E1C425F55EA600156F72 /* L3StarterTests.swift */ = {isa = PBXFileReference; lastKnownFileType = sourcecode.swift; path = L3StarterTests.swift; sourceTree = "<group>"; };
		03A1E1C625F55EA600156F72 /* Info.plist */ = {isa = PBXFileReference; lastKnownFileType = text.plist.xml; path = Info.plist; sourceTree = "<group>"; };
		03A1E1CB25F55EA600156F72 /* L3StarterUITests.xctest */ = {isa = PBXFileReference; explicitFileType = wrapper.cfbundle; includeInIndex = 0; path = L3StarterUITests.xctest; sourceTree = BUILT_PRODUCTS_DIR; };
		03A1E1CF25F55EA600156F72 /* L3StarterUITests.swift */ = {isa = PBXFileReference; lastKnownFileType = sourcecode.swift; path = L3StarterUITests.swift; sourceTree = "<group>"; };
		03A1E1D125F55EA600156F72 /* Info.plist */ = {isa = PBXFileReference; lastKnownFileType = text.plist.xml; path = Info.plist; sourceTree = "<group>"; };
		03A1E1E025F5644A00156F72 /* PushViewController.swift */ = {isa = PBXFileReference; lastKnownFileType = sourcecode.swift; path = PushViewController.swift; sourceTree = "<group>"; };
		03A1E1E525F5645700156F72 /* PresentViewController.swift */ = {isa = PBXFileReference; lastKnownFileType = sourcecode.swift; path = PresentViewController.swift; sourceTree = "<group>"; };
/* End PBXFileReference section */

/* Begin PBXFrameworksBuildPhase section */
		03A1E1A725F55EA400156F72 /* Frameworks */ = {
			isa = PBXFrameworksBuildPhase;
			buildActionMask = 2147483647;
			files = (
			);
			runOnlyForDeploymentPostprocessing = 0;
		};
		03A1E1BD25F55EA600156F72 /* Frameworks */ = {
			isa = PBXFrameworksBuildPhase;
			buildActionMask = 2147483647;
			files = (
			);
			runOnlyForDeploymentPostprocessing = 0;
		};
		03A1E1C825F55EA600156F72 /* Frameworks */ = {
			isa = PBXFrameworksBuildPhase;
			buildActionMask = 2147483647;
			files = (
			);
			runOnlyForDeploymentPostprocessing = 0;
		};
/* End PBXFrameworksBuildPhase section */

/* Begin PBXGroup section */
		03A1E1A125F55EA400156F72 = {
			isa = PBXGroup;
			children = (
				03A1E1AC25F55EA400156F72 /* L3Starter */,
				03A1E1C325F55EA600156F72 /* L3StarterTests */,
				03A1E1CE25F55EA600156F72 /* L3StarterUITests */,
				03A1E1AB25F55EA400156F72 /* Products */,
			);
			sourceTree = "<group>";
		};
		03A1E1AB25F55EA400156F72 /* Products */ = {
			isa = PBXGroup;
			children = (
				03A1E1AA25F55EA400156F72 /* L3Starter.app */,
				03A1E1C025F55EA600156F72 /* L3StarterTests.xctest */,
				03A1E1CB25F55EA600156F72 /* L3StarterUITests.xctest */,
			);
			name = Products;
			sourceTree = "<group>";
		};
		03A1E1AC25F55EA400156F72 /* L3Starter */ = {
			isa = PBXGroup;
			children = (
				03A1E1AD25F55EA400156F72 /* AppDelegate.swift */,
				03A1E1AF25F55EA400156F72 /* SceneDelegate.swift */,
				03A1E1B125F55EA400156F72 /* ViewController.swift */,
				03A1E1E025F5644A00156F72 /* PushViewController.swift */,
				03A1E1E525F5645700156F72 /* PresentViewController.swift */,
				03A1E1B325F55EA400156F72 /* Main.storyboard */,
				03A1E1B625F55EA600156F72 /* Assets.xcassets */,
				03A1E1B825F55EA600156F72 /* LaunchScreen.storyboard */,
				03A1E1BB25F55EA600156F72 /* Info.plist */,
			);
			path = L3Starter;
			sourceTree = "<group>";
		};
		03A1E1C325F55EA600156F72 /* L3StarterTests */ = {
			isa = PBXGroup;
			children = (
				03A1E1C425F55EA600156F72 /* L3StarterTests.swift */,
				03A1E1C625F55EA600156F72 /* Info.plist */,
			);
			path = L3StarterTests;
			sourceTree = "<group>";
		};
		03A1E1CE25F55EA600156F72 /* L3StarterUITests */ = {
			isa = PBXGroup;
			children = (
				03A1E1CF25F55EA600156F72 /* L3StarterUITests.swift */,
				03A1E1D125F55EA600156F72 /* Info.plist */,
			);
			path = L3StarterUITests;
			sourceTree = "<group>";
		};
/* End PBXGroup section */

/* Begin PBXNativeTarget section */
		03A1E1A925F55EA400156F72 /* L3Starter */ = {
			isa = PBXNativeTarget;
			buildConfigurationList = 03A1E1D425F55EA600156F72 /* Build configuration list for PBXNativeTarget "L3Starter" */;
			buildPhases = (
				03A1E1A625F55EA400156F72 /* Sources */,
				03A1E1A725F55EA400156F72 /* Frameworks */,
				03A1E1A825F55EA400156F72 /* Resources */,
			);
			buildRules = (
			);
			dependencies = (
			);
			name = L3Starter;
			productName = L3Starter;
			productReference = 03A1E1AA25F55EA400156F72 /* L3Starter.app */;
			productType = "com.apple.product-type.application";
		};
		03A1E1BF25F55EA600156F72 /* L3StarterTests */ = {
			isa = PBXNativeTarget;
			buildConfigurationList = 03A1E1D725F55EA600156F72 /* Build configuration list for PBXNativeTarget "L3StarterTests" */;
			buildPhases = (
				03A1E1BC25F55EA600156F72 /* Sources */,
				03A1E1BD25F55EA600156F72 /* Frameworks */,
				03A1E1BE25F55EA600156F72 /* Resources */,
			);
			buildRules = (
			);
			dependencies = (
				03A1E1C225F55EA600156F72 /* PBXTargetDependency */,
			);
			name = L3StarterTests;
			productName = L3StarterTests;
			productReference = 03A1E1C025F55EA600156F72 /* L3StarterTests.xctest */;
			productType = "com.apple.product-type.bundle.unit-test";
		};
		03A1E1CA25F55EA600156F72 /* L3StarterUITests */ = {
			isa = PBXNativeTarget;
			buildConfigurationList = 03A1E1DA25F55EA600156F72 /* Build configuration list for PBXNativeTarget "L3StarterUITests" */;
			buildPhases = (
				03A1E1C725F55EA600156F72 /* Sources */,
				03A1E1C825F55EA600156F72 /* Frameworks */,
				03A1E1C925F55EA600156F72 /* Resources */,
			);
			buildRules = (
			);
			dependencies = (
				03A1E1CD25F55EA600156F72 /* PBXTargetDependency */,
			);
			name = L3StarterUITests;
			productName = L3StarterUITests;
			productReference = 03A1E1CB25F55EA600156F72 /* L3StarterUITests.xctest */;
			productType = "com.apple.product-type.bundle.ui-testing";
		};
/* End PBXNativeTarget section */

/* Begin PBXProject section */
		03A1E1A225F55EA400156F72 /* Project object */ = {
			isa = PBXProject;
			attributes = {
				LastSwiftUpdateCheck = 1240;
				LastUpgradeCheck = 1240;
				TargetAttributes = {
					03A1E1A925F55EA400156F72 = {
						CreatedOnToolsVersion = 12.4;
					};
					03A1E1BF25F55EA600156F72 = {
						CreatedOnToolsVersion = 12.4;
						TestTargetID = 03A1E1A925F55EA400156F72;
					};
					03A1E1CA25F55EA600156F72 = {
						CreatedOnToolsVersion = 12.4;
						TestTargetID = 03A1E1A925F55EA400156F72;
					};
				};
			};
			buildConfigurationList = 03A1E1A525F55EA400156F72 /* Build configuration list for PBXProject "L3Starter" */;
			compatibilityVersion = "Xcode 9.3";
			developmentRegion = en;
			hasScannedForEncodings = 0;
			knownRegions = (
				en,
				Base,
			);
			mainGroup = 03A1E1A125F55EA400156F72;
			productRefGroup = 03A1E1AB25F55EA400156F72 /* Products */;
			projectDirPath = "";
			projectRoot = "";
			targets = (
				03A1E1A925F55EA400156F72 /* L3Starter */,
				03A1E1BF25F55EA600156F72 /* L3StarterTests */,
				03A1E1CA25F55EA600156F72 /* L3StarterUITests */,
			);
		};
/* End PBXProject section */

/* Begin PBXResourcesBuildPhase section */
		03A1E1A825F55EA400156F72 /* Resources */ = {
			isa = PBXResourcesBuildPhase;
			buildActionMask = 2147483647;
			files = (
				03A1E1BA25F55EA600156F72 /* LaunchScreen.storyboard in Resources */,
				03A1E1B725F55EA600156F72 /* Assets.xcassets in Resources */,
				03A1E1B525F55EA400156F72 /* Main.storyboard in Resources */,
			);
			runOnlyForDeploymentPostprocessing = 0;
		};
		03A1E1BE25F55EA600156F72 /* Resources */ = {
			isa = PBXResourcesBuildPhase;
			buildActionMask = 2147483647;
			files = (
			);
			runOnlyForDeploymentPostprocessing = 0;
		};
		03A1E1C925F55EA600156F72 /* Resources */ = {
			isa = PBXResourcesBuildPhase;
			buildActionMask = 2147483647;
			files = (
			);
			runOnlyForDeploymentPostprocessing = 0;
		};
/* End PBXResourcesBuildPhase section */

/* Begin PBXSourcesBuildPhase section */
		03A1E1A625F55EA400156F72 /* Sources */ = {
			isa = PBXSourcesBuildPhase;
			buildActionMask = 2147483647;
			files = (
				03A1E1B225F55EA400156F72 /* ViewController.swift in Sources */,
				03A1E1AE25F55EA400156F72 /* AppDelegate.swift in Sources */,
				03A1E1E625F5645700156F72 /* PresentViewController.swift in Sources */,
				03A1E1E125F5644A00156F72 /* PushViewController.swift in Sources */,
				03A1E1B025F55EA400156F72 /* SceneDelegate.swift in Sources */,
			);
			runOnlyForDeploymentPostprocessing = 0;
		};
		03A1E1BC25F55EA600156F72 /* Sources */ = {
			isa = PBXSourcesBuildPhase;
			buildActionMask = 2147483647;
			files = (
				03A1E1C525F55EA600156F72 /* L3StarterTests.swift in Sources */,
			);
			runOnlyForDeploymentPostprocessing = 0;
		};
		03A1E1C725F55EA600156F72 /* Sources */ = {
			isa = PBXSourcesBuildPhase;
			buildActionMask = 2147483647;
			files = (
				03A1E1D025F55EA600156F72 /* L3StarterUITests.swift in Sources */,
			);
			runOnlyForDeploymentPostprocessing = 0;
		};
/* End PBXSourcesBuildPhase section */

/* Begin PBXTargetDependency section */
		03A1E1C225F55EA600156F72 /* PBXTargetDependency */ = {
			isa = PBXTargetDependency;
			target = 03A1E1A925F55EA400156F72 /* L3Starter */;
			targetProxy = 03A1E1C125F55EA600156F72 /* PBXContainerItemProxy */;
		};
		03A1E1CD25F55EA600156F72 /* PBXTargetDependency */ = {
			isa = PBXTargetDependency;
			target = 03A1E1A925F55EA400156F72 /* L3Starter */;
			targetProxy = 03A1E1CC25F55EA600156F72 /* PBXContainerItemProxy */;
		};
/* End PBXTargetDependency section */

/* Begin PBXVariantGroup section */
		03A1E1B325F55EA400156F72 /* Main.storyboard */ = {
			isa = PBXVariantGroup;
			children = (
				03A1E1B425F55EA400156F72 /* Base */,
			);
			name = Main.storyboard;
			sourceTree = "<group>";
		};
		03A1E1B825F55EA600156F72 /* LaunchScreen.storyboard */ = {
			isa = PBXVariantGroup;
			children = (
				03A1E1B925F55EA600156F72 /* Base */,
			);
			name = LaunchScreen.storyboard;
			sourceTree = "<group>";
		};
/* End PBXVariantGroup section */

/* Begin XCBuildConfiguration section */
		03A1E1D225F55EA600156F72 /* Debug */ = {
			isa = XCBuildConfiguration;
			buildSettings = {
				ALWAYS_SEARCH_USER_PATHS = NO;
				CLANG_ANALYZER_NONNULL = YES;
				CLANG_ANALYZER_NUMBER_OBJECT_CONVERSION = YES_AGGRESSIVE;
				CLANG_CXX_LANGUAGE_STANDARD = "gnu++14";
				CLANG_CXX_LIBRARY = "libc++";
				CLANG_ENABLE_MODULES = YES;
				CLANG_ENABLE_OBJC_ARC = YES;
				CLANG_ENABLE_OBJC_WEAK = YES;
				CLANG_WARN_BLOCK_CAPTURE_AUTORELEASING = YES;
				CLANG_WARN_BOOL_CONVERSION = YES;
				CLANG_WARN_COMMA = YES;
				CLANG_WARN_CONSTANT_CONVERSION = YES;
				CLANG_WARN_DEPRECATED_OBJC_IMPLEMENTATIONS = YES;
				CLANG_WARN_DIRECT_OBJC_ISA_USAGE = YES_ERROR;
				CLANG_WARN_DOCUMENTATION_COMMENTS = YES;
				CLANG_WARN_EMPTY_BODY = YES;
				CLANG_WARN_ENUM_CONVERSION = YES;
				CLANG_WARN_INFINITE_RECURSION = YES;
				CLANG_WARN_INT_CONVERSION = YES;
				CLANG_WARN_NON_LITERAL_NULL_CONVERSION = YES;
				CLANG_WARN_OBJC_IMPLICIT_RETAIN_SELF = YES;
				CLANG_WARN_OBJC_LITERAL_CONVERSION = YES;
				CLANG_WARN_OBJC_ROOT_CLASS = YES_ERROR;
				CLANG_WARN_QUOTED_INCLUDE_IN_FRAMEWORK_HEADER = YES;
				CLANG_WARN_RANGE_LOOP_ANALYSIS = YES;
				CLANG_WARN_STRICT_PROTOTYPES = YES;
				CLANG_WARN_SUSPICIOUS_MOVE = YES;
				CLANG_WARN_UNGUARDED_AVAILABILITY = YES_AGGRESSIVE;
				CLANG_WARN_UNREACHABLE_CODE = YES;
				CLANG_WARN__DUPLICATE_METHOD_MATCH = YES;
				COPY_PHASE_STRIP = NO;
				DEBUG_INFORMATION_FORMAT = dwarf;
				ENABLE_STRICT_OBJC_MSGSEND = YES;
				ENABLE_TESTABILITY = YES;
				GCC_C_LANGUAGE_STANDARD = gnu11;
				GCC_DYNAMIC_NO_PIC = NO;
				GCC_NO_COMMON_BLOCKS = YES;
				GCC_OPTIMIZATION_LEVEL = 0;
				GCC_PREPROCESSOR_DEFINITIONS = (
					"DEBUG=1",
					"$(inherited)",
				);
				GCC_WARN_64_TO_32_BIT_CONVERSION = YES;
				GCC_WARN_ABOUT_RETURN_TYPE = YES_ERROR;
				GCC_WARN_UNDECLARED_SELECTOR = YES;
				GCC_WARN_UNINITIALIZED_AUTOS = YES_AGGRESSIVE;
				GCC_WARN_UNUSED_FUNCTION = YES;
				GCC_WARN_UNUSED_VARIABLE = YES;
				IPHONEOS_DEPLOYMENT_TARGET = 14.4;
				MTL_ENABLE_DEBUG_INFO = INCLUDE_SOURCE;
				MTL_FAST_MATH = YES;
				ONLY_ACTIVE_ARCH = YES;
				SDKROOT = iphoneos;
				SWIFT_ACTIVE_COMPILATION_CONDITIONS = DEBUG;
				SWIFT_OPTIMIZATION_LEVEL = "-Onone";
			};
			name = Debug;
		};
		03A1E1D325F55EA600156F72 /* Release */ = {
			isa = XCBuildConfiguration;
			buildSettings = {
				ALWAYS_SEARCH_USER_PATHS = NO;
				CLANG_ANALYZER_NONNULL = YES;
				CLANG_ANALYZER_NUMBER_OBJECT_CONVERSION = YES_AGGRESSIVE;
				CLANG_CXX_LANGUAGE_STANDARD = "gnu++14";
				CLANG_CXX_LIBRARY = "libc++";
				CLANG_ENABLE_MODULES = YES;
				CLANG_ENABLE_OBJC_ARC = YES;
				CLANG_ENABLE_OBJC_WEAK = YES;
				CLANG_WARN_BLOCK_CAPTURE_AUTORELEASING = YES;
				CLANG_WARN_BOOL_CONVERSION = YES;
				CLANG_WARN_COMMA = YES;
				CLANG_WARN_CONSTANT_CONVERSION = YES;
				CLANG_WARN_DEPRECATED_OBJC_IMPLEMENTATIONS = YES;
				CLANG_WARN_DIRECT_OBJC_ISA_USAGE = YES_ERROR;
				CLANG_WARN_DOCUMENTATION_COMMENTS = YES;
				CLANG_WARN_EMPTY_BODY = YES;
				CLANG_WARN_ENUM_CONVERSION = YES;
				CLANG_WARN_INFINITE_RECURSION = YES;
				CLANG_WARN_INT_CONVERSION = YES;
				CLANG_WARN_NON_LITERAL_NULL_CONVERSION = YES;
				CLANG_WARN_OBJC_IMPLICIT_RETAIN_SELF = YES;
				CLANG_WARN_OBJC_LITERAL_CONVERSION = YES;
				CLANG_WARN_OBJC_ROOT_CLASS = YES_ERROR;
				CLANG_WARN_QUOTED_INCLUDE_IN_FRAMEWORK_HEADER = YES;
				CLANG_WARN_RANGE_LOOP_ANALYSIS = YES;
				CLANG_WARN_STRICT_PROTOTYPES = YES;
				CLANG_WARN_SUSPICIOUS_MOVE = YES;
				CLANG_WARN_UNGUARDED_AVAILABILITY = YES_AGGRESSIVE;
				CLANG_WARN_UNREACHABLE_CODE = YES;
				CLANG_WARN__DUPLICATE_METHOD_MATCH = YES;
				COPY_PHASE_STRIP = NO;
				DEBUG_INFORMATION_FORMAT = "dwarf-with-dsym";
				ENABLE_NS_ASSERTIONS = NO;
				ENABLE_STRICT_OBJC_MSGSEND = YES;
				GCC_C_LANGUAGE_STANDARD = gnu11;
				GCC_NO_COMMON_BLOCKS = YES;
				GCC_WARN_64_TO_32_BIT_CONVERSION = YES;
				GCC_WARN_ABOUT_RETURN_TYPE = YES_ERROR;
				GCC_WARN_UNDECLARED_SELECTOR = YES;
				GCC_WARN_UNINITIALIZED_AUTOS = YES_AGGRESSIVE;
				GCC_WARN_UNUSED_FUNCTION = YES;
				GCC_WARN_UNUSED_VARIABLE = YES;
				IPHONEOS_DEPLOYMENT_TARGET = 14.4;
				MTL_ENABLE_DEBUG_INFO = NO;
				MTL_FAST_MATH = YES;
				SDKROOT = iphoneos;
				SWIFT_COMPILATION_MODE = wholemodule;
				SWIFT_OPTIMIZATION_LEVEL = "-O";
				VALIDATE_PRODUCT = YES;
			};
			name = Release;
		};
		03A1E1D525F55EA600156F72 /* Debug */ = {
			isa = XCBuildConfiguration;
			buildSettings = {
				ASSETCATALOG_COMPILER_APPICON_NAME = AppIcon;
				ASSETCATALOG_COMPILER_GLOBAL_ACCENT_COLOR_NAME = AccentColor;
				CODE_SIGN_STYLE = Automatic;
				DEVELOPMENT_TEAM = 2R4ZWSNX48;
				INFOPLIST_FILE = L3Starter/Info.plist;
				IPHONEOS_DEPLOYMENT_TARGET = 14.3;
				LD_RUNPATH_SEARCH_PATHS = (
					"$(inherited)",
					"@executable_path/Frameworks",
				);
				PRODUCT_BUNDLE_IDENTIFIER = com.yanlamko.L3Starter;
				PRODUCT_NAME = "$(TARGET_NAME)";
				SWIFT_VERSION = 5.0;
				TARGETED_DEVICE_FAMILY = "1,2";
			};
			name = Debug;
		};
		03A1E1D625F55EA600156F72 /* Release */ = {
			isa = XCBuildConfiguration;
			buildSettings = {
				ASSETCATALOG_COMPILER_APPICON_NAME = AppIcon;
				ASSETCATALOG_COMPILER_GLOBAL_ACCENT_COLOR_NAME = AccentColor;
				CODE_SIGN_STYLE = Automatic;
				DEVELOPMENT_TEAM = 2R4ZWSNX48;
				INFOPLIST_FILE = L3Starter/Info.plist;
				IPHONEOS_DEPLOYMENT_TARGET = 14.3;
				LD_RUNPATH_SEARCH_PATHS = (
					"$(inherited)",
					"@executable_path/Frameworks",
				);
				PRODUCT_BUNDLE_IDENTIFIER = com.yanlamko.L3Starter;
				PRODUCT_NAME = "$(TARGET_NAME)";
				SWIFT_VERSION = 5.0;
				TARGETED_DEVICE_FAMILY = "1,2";
			};
			name = Release;
		};
		03A1E1D825F55EA600156F72 /* Debug */ = {
			isa = XCBuildConfiguration;
			buildSettings = {
				ALWAYS_EMBED_SWIFT_STANDARD_LIBRARIES = YES;
				BUNDLE_LOADER = "$(TEST_HOST)";
				CODE_SIGN_STYLE = Automatic;
				DEVELOPMENT_TEAM = 2R4ZWSNX48;
				INFOPLIST_FILE = L3StarterTests/Info.plist;
				IPHONEOS_DEPLOYMENT_TARGET = 14.3;
				LD_RUNPATH_SEARCH_PATHS = (
					"$(inherited)",
					"@executable_path/Frameworks",
					"@loader_path/Frameworks",
				);
				PRODUCT_BUNDLE_IDENTIFIER = com.yanlamko.L3StarterTests;
				PRODUCT_NAME = "$(TARGET_NAME)";
				SWIFT_VERSION = 5.0;
				TARGETED_DEVICE_FAMILY = "1,2";
				TEST_HOST = "$(BUILT_PRODUCTS_DIR)/L3Starter.app/L3Starter";
			};
			name = Debug;
		};
		03A1E1D925F55EA600156F72 /* Release */ = {
			isa = XCBuildConfiguration;
			buildSettings = {
				ALWAYS_EMBED_SWIFT_STANDARD_LIBRARIES = YES;
				BUNDLE_LOADER = "$(TEST_HOST)";
				CODE_SIGN_STYLE = Automatic;
				DEVELOPMENT_TEAM = 2R4ZWSNX48;
				INFOPLIST_FILE = L3StarterTests/Info.plist;
				IPHONEOS_DEPLOYMENT_TARGET = 14.3;
				LD_RUNPATH_SEARCH_PATHS = (
					"$(inherited)",
					"@executable_path/Frameworks",
					"@loader_path/Frameworks",
				);
				PRODUCT_BUNDLE_IDENTIFIER = com.yanlamko.L3StarterTests;
				PRODUCT_NAME = "$(TARGET_NAME)";
				SWIFT_VERSION = 5.0;
				TARGETED_DEVICE_FAMILY = "1,2";
				TEST_HOST = "$(BUILT_PRODUCTS_DIR)/L3Starter.app/L3Starter";
			};
			name = Release;
		};
		03A1E1DB25F55EA600156F72 /* Debug */ = {
			isa = XCBuildConfiguration;
			buildSettings = {
				ALWAYS_EMBED_SWIFT_STANDARD_LIBRARIES = YES;
				CODE_SIGN_STYLE = Automatic;
				DEVELOPMENT_TEAM = 2R4ZWSNX48;
				INFOPLIST_FILE = L3StarterUITests/Info.plist;
				IPHONEOS_DEPLOYMENT_TARGET = 14.3;
				LD_RUNPATH_SEARCH_PATHS = (
					"$(inherited)",
					"@executable_path/Frameworks",
					"@loader_path/Frameworks",
				);
				PRODUCT_BUNDLE_IDENTIFIER = com.yanlamko.L3StarterUITests;
				PRODUCT_NAME = "$(TARGET_NAME)";
				SWIFT_VERSION = 5.0;
				TARGETED_DEVICE_FAMILY = "1,2";
				TEST_TARGET_NAME = L3Starter;
			};
			name = Debug;
		};
		03A1E1DC25F55EA600156F72 /* Release */ = {
			isa = XCBuildConfiguration;
			buildSettings = {
				ALWAYS_EMBED_SWIFT_STANDARD_LIBRARIES = YES;
				CODE_SIGN_STYLE = Automatic;
				DEVELOPMENT_TEAM = 2R4ZWSNX48;
				INFOPLIST_FILE = L3StarterUITests/Info.plist;
				IPHONEOS_DEPLOYMENT_TARGET = 14.3;
				LD_RUNPATH_SEARCH_PATHS = (
					"$(inherited)",
					"@executable_path/Frameworks",
					"@loader_path/Frameworks",
				);
				PRODUCT_BUNDLE_IDENTIFIER = com.yanlamko.L3StarterUITests;
				PRODUCT_NAME = "$(TARGET_NAME)";
				SWIFT_VERSION = 5.0;
				TARGETED_DEVICE_FAMILY = "1,2";
				TEST_TARGET_NAME = L3Starter;
			};
			name = Release;
		};
/* End XCBuildConfiguration section */

/* Begin XCConfigurationList section */
		03A1E1A525F55EA400156F72 /* Build configuration list for PBXProject "L3Starter" */ = {
			isa = XCConfigurationList;
			buildConfigurations = (
				03A1E1D225F55EA600156F72 /* Debug */,
				03A1E1D325F55EA600156F72 /* Release */,
			);
			defaultConfigurationIsVisible = 0;
			defaultConfigurationName = Release;
		};
		03A1E1D425F55EA600156F72 /* Build configuration list for PBXNativeTarget "L3Starter" */ = {
			isa = XCConfigurationList;
			buildConfigurations = (
				03A1E1D525F55EA600156F72 /* Debug */,
				03A1E1D625F55EA600156F72 /* Release */,
			);
			defaultConfigurationIsVisible = 0;
			defaultConfigurationName = Release;
		};
		03A1E1D725F55EA600156F72 /* Build configuration list for PBXNativeTarget "L3StarterTests" */ = {
			isa = XCConfigurationList;
			buildConfigurations = (
				03A1E1D825F55EA600156F72 /* Debug */,
				03A1E1D925F55EA600156F72 /* Release */,
			);
			defaultConfigurationIsVisible = 0;
			defaultConfigurationName = Release;
		};
		03A1E1DA25F55EA600156F72 /* Build configuration list for PBXNativeTarget "L3StarterUITests" */ = {
			isa = XCConfigurationList;
			buildConfigurations = (
				03A1E1DB25F55EA600156F72 /* Debug */,
				03A1E1DC25F55EA600156F72 /* Release */,
			);
			defaultConfigurationIsVisible = 0;
			defaultConfigurationName = Release;
		};
/* End XCConfigurationList section */
	};
	rootObject = 03A1E1A225F55EA400156F72 /* Project object */;
}
